
Microsoft Visual Studio Solution File, Format Version 12.00
# Visual Studio Version 16
VisualStudioVersion = 16.0.30204.135
MinimumVisualStudioVersion = 10.0.40219.1
Project("{9A19103F-16F7-4668-BE54-9A1E7A4F7556}") = "Mocker.Domain", "src\Mocker.Domain\Mocker.Domain.csproj", "{CD77293C-9878-4496-A61F-BB0D5DFC9568}"
EndProject
Project("{9A19103F-16F7-4668-BE54-9A1E7A4F7556}") = "Mocker.Functions", "src\Mocker.Functions\Mocker.Functions.csproj", "{B9B5659B-2BF4-4A11-8C33-7CA2687AF53B}"
EndProject
Project("{9A19103F-16F7-4668-BE54-9A1E7A4F7556}") = "Mocker.Application.Tests.Unit", "Tests\Mocker.Application.Tests.Unit\Mocker.Application.Tests.Unit.csproj", "{62E816BE-1023-48A7-83EB-107EB2E860F4}"
EndProject
Project("{9A19103F-16F7-4668-BE54-9A1E7A4F7556}") = "Mocker.Application", "src\Mocker.Application\Mocker.Application.csproj", "{4CD645F6-2E63-460F-99F9-452395376B13}"
EndProject
Project("{2150E333-8FDC-42A3-9474-1A3956D46DE8}") = "Tests", "Tests", "{1507189E-BD76-4A2C-AEB8-5A1CF68AD5DC}"
EndProject
Project("{9A19103F-16F7-4668-BE54-9A1E7A4F7556}") = "Mocker.Infrastructure", "src\Mocker.Infrastructure\Mocker.Infrastructure.csproj", "{DF89A32F-DE64-4642-8576-801703E2A7EA}"
EndProject
Project("{FAE04EC0-301F-11D3-BF4B-00C04F79EFBC}") = "Mocker.Domain.Tests.Unit", "tests\Mocker.Domain.Tests.Unit\Mocker.Domain.Tests.Unit.csproj", "{296764BA-9906-46A0-807A-859C1AC11358}"
EndProject
Project("{FAE04EC0-301F-11D3-BF4B-00C04F79EFBC}") = "Mocker.Infrastructure.Tests.Unit", "tests\Mocker.Infrastructure.Tests.Unit\Mocker.Infrastructure.Tests.Unit.csproj", "{B0194165-BF6E-4F4B-BE9A-3F4460B0B46A}"
EndProject
Project("{FAE04EC0-301F-11D3-BF4B-00C04F79EFBC}") = "Mapper.Functions.Tests.Unit", "tests\Mapper.Functions.Tests.Unit\Mapper.Functions.Tests.Unit.csproj", "{6E2BA7B2-4ACA-4303-916B-FC921E45F19C}"
EndProject
Global
	GlobalSection(SolutionConfigurationPlatforms) = preSolution
		Debug|Any CPU = Debug|Any CPU
		Release|Any CPU = Release|Any CPU
	EndGlobalSection
	GlobalSection(ProjectConfigurationPlatforms) = postSolution
		{CD77293C-9878-4496-A61F-BB0D5DFC9568}.Debug|Any CPU.ActiveCfg = Debug|Any CPU
		{CD77293C-9878-4496-A61F-BB0D5DFC9568}.Debug|Any CPU.Build.0 = Debug|Any CPU
		{CD77293C-9878-4496-A61F-BB0D5DFC9568}.Release|Any CPU.ActiveCfg = Release|Any CPU
		{CD77293C-9878-4496-A61F-BB0D5DFC9568}.Release|Any CPU.Build.0 = Release|Any CPU
		{B9B5659B-2BF4-4A11-8C33-7CA2687AF53B}.Debug|Any CPU.ActiveCfg = Debug|Any CPU
		{B9B5659B-2BF4-4A11-8C33-7CA2687AF53B}.Debug|Any CPU.Build.0 = Debug|Any CPU
		{B9B5659B-2BF4-4A11-8C33-7CA2687AF53B}.Release|Any CPU.ActiveCfg = Release|Any CPU
		{B9B5659B-2BF4-4A11-8C33-7CA2687AF53B}.Release|Any CPU.Build.0 = Release|Any CPU
		{62E816BE-1023-48A7-83EB-107EB2E860F4}.Debug|Any CPU.ActiveCfg = Debug|Any CPU
		{62E816BE-1023-48A7-83EB-107EB2E860F4}.Debug|Any CPU.Build.0 = Debug|Any CPU
		{62E816BE-1023-48A7-83EB-107EB2E860F4}.Release|Any CPU.ActiveCfg = Release|Any CPU
		{62E816BE-1023-48A7-83EB-107EB2E860F4}.Release|Any CPU.Build.0 = Release|Any CPU
		{4CD645F6-2E63-460F-99F9-452395376B13}.Debug|Any CPU.ActiveCfg = Debug|Any CPU
		{4CD645F6-2E63-460F-99F9-452395376B13}.Debug|Any CPU.Build.0 = Debug|Any CPU
		{4CD645F6-2E63-460F-99F9-452395376B13}.Release|Any CPU.ActiveCfg = Release|Any CPU
		{4CD645F6-2E63-460F-99F9-452395376B13}.Release|Any CPU.Build.0 = Release|Any CPU
		{DF89A32F-DE64-4642-8576-801703E2A7EA}.Debug|Any CPU.ActiveCfg = Debug|Any CPU
		{DF89A32F-DE64-4642-8576-801703E2A7EA}.Debug|Any CPU.Build.0 = Debug|Any CPU
		{DF89A32F-DE64-4642-8576-801703E2A7EA}.Release|Any CPU.ActiveCfg = Release|Any CPU
		{DF89A32F-DE64-4642-8576-801703E2A7EA}.Release|Any CPU.Build.0 = Release|Any CPU
		{296764BA-9906-46A0-807A-859C1AC11358}.Debug|Any CPU.ActiveCfg = Debug|Any CPU
		{296764BA-9906-46A0-807A-859C1AC11358}.Debug|Any CPU.Build.0 = Debug|Any CPU
		{296764BA-9906-46A0-807A-859C1AC11358}.Release|Any CPU.ActiveCfg = Release|Any CPU
		{296764BA-9906-46A0-807A-859C1AC11358}.Release|Any CPU.Build.0 = Release|Any CPU
		{B0194165-BF6E-4F4B-BE9A-3F4460B0B46A}.Debug|Any CPU.ActiveCfg = Debug|Any CPU
		{B0194165-BF6E-4F4B-BE9A-3F4460B0B46A}.Debug|Any CPU.Build.0 = Debug|Any CPU
		{B0194165-BF6E-4F4B-BE9A-3F4460B0B46A}.Release|Any CPU.ActiveCfg = Release|Any CPU
		{B0194165-BF6E-4F4B-BE9A-3F4460B0B46A}.Release|Any CPU.Build.0 = Release|Any CPU
		{6E2BA7B2-4ACA-4303-916B-FC921E45F19C}.Debug|Any CPU.ActiveCfg = Debug|Any CPU
		{6E2BA7B2-4ACA-4303-916B-FC921E45F19C}.Debug|Any CPU.Build.0 = Debug|Any CPU
		{6E2BA7B2-4ACA-4303-916B-FC921E45F19C}.Release|Any CPU.ActiveCfg = Release|Any CPU
		{6E2BA7B2-4ACA-4303-916B-FC921E45F19C}.Release|Any CPU.Build.0 = Release|Any CPU
	EndGlobalSection
	GlobalSection(SolutionProperties) = preSolution
		HideSolutionNode = FALSE
	EndGlobalSection
	GlobalSection(NestedProjects) = preSolution
		{62E816BE-1023-48A7-83EB-107EB2E860F4} = {1507189E-BD76-4A2C-AEB8-5A1CF68AD5DC}
		{296764BA-9906-46A0-807A-859C1AC11358} = {1507189E-BD76-4A2C-AEB8-5A1CF68AD5DC}
		{B0194165-BF6E-4F4B-BE9A-3F4460B0B46A} = {1507189E-BD76-4A2C-AEB8-5A1CF68AD5DC}
		{6E2BA7B2-4ACA-4303-916B-FC921E45F19C} = {1507189E-BD76-4A2C-AEB8-5A1CF68AD5DC}
	EndGlobalSection
	GlobalSection(ExtensibilityGlobals) = postSolution
		SolutionGuid = {75102FE6-3A7F-49EC-9D74-F42D8141DBE1}
	EndGlobalSection
EndGlobal
